{
  "originHash" : "b5abdc4cce0d00fb7daf2bc0b16d32f2f63609b2099d3ac626acf143c14c39dc",
  "pins" : [
    {
      "identity" : "designresourceskit",
      "kind" : "remoteSourceControl",
      "location" : "https://github.com/duckduckgo/DesignResourcesKit",
      "state" : {
        "revision" : "8c99842fed1c7fa19de28132b1bdabfb7a33908a",
        "version" : "4.2.0"
      }
    }
  ],
  "version" : 3
}
