{
  "pins" : [
    {
      "identity" : "designresourceskit",
      "kind" : "remoteSourceControl",
      "location" : "https://github.com/duckduckgo/DesignResourcesKit",
      "state" : {
        "revision" : "3cff83c44382e1cfa4c19f5299e8ef2b017900a5",
        "version" : "4.4.2"
      }
    }
  ],
  "version" : 2
}
